
Microsoft Visual Studio Solution File, Format Version 12.00
# Visual Studio Version 17
VisualStudioVersion = 17.3.32825.248
MinimumVisualStudioVersion = 10.0.40219.1
Project("{FAE04EC0-301F-11D3-BF4B-00C04F79EFBC}") = "May4React.Web", "May4React.Web\May4React.Web.csproj", "{353AD03B-ACC5-4367-A880-448C705A46B1}"
EndProject
Global
	GlobalSection(SolutionConfigurationPlatforms) = preSolution
		Debug|Any CPU = Debug|Any CPU
		Release|Any CPU = Release|Any CPU
	EndGlobalSection
	GlobalSection(ProjectConfigurationPlatforms) = postSolution
		{353AD03B-ACC5-4367-A880-448C705A46B1}.Debug|Any CPU.ActiveCfg = Debug|Any CPU
		{353AD03B-ACC5-4367-A880-448C705A46B1}.Debug|Any CPU.Build.0 = Debug|Any CPU
		{353AD03B-ACC5-4367-A880-448C705A46B1}.Release|Any CPU.ActiveCfg = Release|Any CPU
		{353AD03B-ACC5-4367-A880-448C705A46B1}.Release|Any CPU.Build.0 = Release|Any CPU
	EndGlobalSection
	GlobalSection(SolutionProperties) = preSolution
		HideSolutionNode = FALSE
	EndGlobalSection
	GlobalSection(ExtensibilityGlobals) = postSolution
		SolutionGuid = {1650D37C-5B3F-44CC-91F9-F237551BC24E}
	EndGlobalSection
EndGlobal
